
Microsoft Visual Studio Solution File, Format Version 12.00
# Visual Studio Version 17
VisualStudioVersion = 17.5.33516.290
MinimumVisualStudioVersion = 10.0.40219.1
Project("{9A19103F-16F7-4668-BE54-9A1E7A4F7556}") = "Linq", "Linq.csproj", "{12278375-3EBD-491E-A2B1-FCFD9D73EF13}"
EndProject
Global
	GlobalSection(SolutionConfigurationPlatforms) = preSolution
		Debug|Any CPU = Debug|Any CPU
		Release|Any CPU = Release|Any CPU
	EndGlobalSection
	GlobalSection(ProjectConfigurationPlatforms) = postSolution
		{12278375-3EBD-491E-A2B1-FCFD9D73EF13}.Debug|Any CPU.ActiveCfg = Debug|Any CPU
		{12278375-3EBD-491E-A2B1-FCFD9D73EF13}.Debug|Any CPU.Build.0 = Debug|Any CPU
		{12278375-3EBD-491E-A2B1-FCFD9D73EF13}.Release|Any CPU.ActiveCfg = Release|Any CPU
		{12278375-3EBD-491E-A2B1-FCFD9D73EF13}.Release|Any CPU.Build.0 = Release|Any CPU
	EndGlobalSection
	GlobalSection(SolutionProperties) = preSolution
		HideSolutionNode = FALSE
	EndGlobalSection
	GlobalSection(ExtensibilityGlobals) = postSolution
		SolutionGuid = {B9BF7EC9-961F-4954-9F0F-B7ACED9F5836}
	EndGlobalSection
EndGlobal
